// !$*UTF8*$!
{
	archiveVersion = 1;
	classes = {
	};
	objectVersion = 46;
	objects = {

/* Begin PBXBuildFile section */
		075F16B715B0853800D05ECF /* UIKit.framework in Frameworks */ = {isa = PBXBuildFile; fileRef = 075F16B615B0853800D05ECF /* UIKit.framework */; };
		075F16B915B0853800D05ECF /* Foundation.framework in Frameworks */ = {isa = PBXBuildFile; fileRef = 075F16B815B0853800D05ECF /* Foundation.framework */; };
		075F16BB15B0853800D05ECF /* CoreGraphics.framework in Frameworks */ = {isa = PBXBuildFile; fileRef = 075F16BA15B0853800D05ECF /* CoreGraphics.framework */; };
		075F16C115B0853800D05ECF /* InfoPlist.strings in Resources */ = {isa = PBXBuildFile; fileRef = 075F16BF15B0853800D05ECF /* InfoPlist.strings */; };
		075F16C315B0853800D05ECF /* main.m in Sources */ = {isa = PBXBuildFile; fileRef = 075F16C215B0853800D05ECF /* main.m */; };
		075F16C715B0853800D05ECF /* PsychologistAppDelegate.m in Sources */ = {isa = PBXBuildFile; fileRef = 075F16C615B0853800D05ECF /* PsychologistAppDelegate.m */; };
		075F16CA15B0853800D05ECF /* MainStoryboard.storyboard in Resources */ = {isa = PBXBuildFile; fileRef = 075F16C815B0853800D05ECF /* MainStoryboard.storyboard */; };
		075F16CD15B0853800D05ECF /* PsychologistViewController.m in Sources */ = {isa = PBXBuildFile; fileRef = 075F16CC15B0853800D05ECF /* PsychologistViewController.m */; };
/* End PBXBuildFile section */

/* Begin PBXFileReference section */
		075F16B215B0853800D05ECF /* Psychologist.app */ = {isa = PBXFileReference; explicitFileType = wrapper.application; includeInIndex = 0; path = Psychologist.app; sourceTree = BUILT_PRODUCTS_DIR; };
		075F16B615B0853800D05ECF /* UIKit.framework */ = {isa = PBXFileReference; lastKnownFileType = wrapper.framework; name = UIKit.framework; path = System/Library/Frameworks/UIKit.framework; sourceTree = SDKROOT; };
		075F16B815B0853800D05ECF /* Foundation.framework */ = {isa = PBXFileReference; lastKnownFileType = wrapper.framework; name = Foundation.framework; path = System/Library/Frameworks/Foundation.framework; sourceTree = SDKROOT; };
		075F16BA15B0853800D05ECF /* CoreGraphics.framework */ = {isa = PBXFileReference; lastKnownFileType = wrapper.framework; name = CoreGraphics.framework; path = System/Library/Frameworks/CoreGraphics.framework; sourceTree = SDKROOT; };
		075F16BE15B0853800D05ECF /* Psychologist-Info.plist */ = {isa = PBXFileReference; path = "Psychologist-Info.plist"; sourceTree = "<group>"; };
		075F16C015B0853800D05ECF /* en */ = {isa = PBXFileReference; lastKnownFileType = text.plist.strings; name = en; path = en.lproj/InfoPlist.strings; sourceTree = "<group>"; };
		075F16C215B0853800D05ECF /* main.m */ = {isa = PBXFileReference; lastKnownFileType = sourcecode.c.objc; path = main.m; sourceTree = "<group>"; };
		075F16C415B0853800D05ECF /* Psychologist-Prefix.pch */ = {isa = PBXFileReference; path = "Psychologist-Prefix.pch"; sourceTree = "<group>"; };
		075F16C515B0853800D05ECF /* PsychologistAppDelegate.h */ = {isa = PBXFileReference; path = PsychologistAppDelegate.h; sourceTree = "<group>"; };
		075F16C615B0853800D05ECF /* PsychologistAppDelegate.m */ = {isa = PBXFileReference; lastKnownFileType = sourcecode.c.objc; path = PsychologistAppDelegate.m; sourceTree = "<group>"; };
		075F16C915B0853800D05ECF /* en */ = {isa = PBXFileReference; lastKnownFileType = file.storyboard; name = en; path = en.lproj/MainStoryboard.storyboard; sourceTree = "<group>"; };
		075F16CB15B0853800D05ECF /* PsychologistViewController.h */ = {isa = PBXFileReference; path = PsychologistViewController.h; sourceTree = "<group>"; };
		075F16CC15B0853800D05ECF /* PsychologistViewController.m */ = {isa = PBXFileReference; lastKnownFileType = sourcecode.c.objc; path = PsychologistViewController.m; sourceTree = "<group>"; };
/* End PBXFileReference section */

/* Begin PBXFrameworksBuildPhase section */
		075F16AF15B0853800D05ECF /* Frameworks */ = {
			isa = PBXFrameworksBuildPhase;
			buildActionMask = 2147483647;
			files = (
				075F16B715B0853800D05ECF /* UIKit.framework in Frameworks */,
				075F16B915B0853800D05ECF /* Foundation.framework in Frameworks */,
				075F16BB15B0853800D05ECF /* CoreGraphics.framework in Frameworks */,
			);
			runOnlyForDeploymentPostprocessing = 0;
		};
/* End PBXFrameworksBuildPhase section */

/* Begin PBXGroup section */
		075F16A715B0853800D05ECF = {
			isa = PBXGroup;
			children = (
				075F16BC15B0853800D05ECF /* Psychologist */,
				075F16B515B0853800D05ECF /* Frameworks */,
				075F16B315B0853800D05ECF /* Products */,
			);
			sourceTree = "<group>";
		};
		075F16B315B0853800D05ECF /* Products */ = {
			isa = PBXGroup;
			children = (
				075F16B215B0853800D05ECF /* Psychologist.app */,
			);
			name = Products;
			sourceTree = "<group>";
		};
		075F16B515B0853800D05ECF /* Frameworks */ = {
			isa = PBXGroup;
			children = (
				075F16B615B0853800D05ECF /* UIKit.framework */,
				075F16B815B0853800D05ECF /* Foundation.framework */,
				075F16BA15B0853800D05ECF /* CoreGraphics.framework */,
			);
			name = Frameworks;
			sourceTree = "<group>";
		};
		075F16BC15B0853800D05ECF /* Psychologist */ = {
			isa = PBXGroup;
			children = (
				075F16C515B0853800D05ECF /* PsychologistAppDelegate.h */,
				075F16C615B0853800D05ECF /* PsychologistAppDelegate.m */,
				075F16C815B0853800D05ECF /* MainStoryboard.storyboard */,
				075F16CB15B0853800D05ECF /* PsychologistViewController.h */,
				075F16CC15B0853800D05ECF /* PsychologistViewController.m */,
				075F16BD15B0853800D05ECF /* Supporting Files */,
			);
			path = Psychologist;
			sourceTree = "<group>";
		};
		075F16BD15B0853800D05ECF /* Supporting Files */ = {
			isa = PBXGroup;
			children = (
				075F16BE15B0853800D05ECF /* Psychologist-Info.plist */,
				075F16BF15B0853800D05ECF /* InfoPlist.strings */,
				075F16C215B0853800D05ECF /* main.m */,
				075F16C415B0853800D05ECF /* Psychologist-Prefix.pch */,
			);
			name = "Supporting Files";
			sourceTree = "<group>";
		};
/* End PBXGroup section */

/* Begin PBXNativeTarget section */
		075F16B115B0853800D05ECF /* Psychologist */ = {
			isa = PBXNativeTarget;
			buildConfigurationList = 075F16D015B0853800D05ECF /* Build configuration list for PBXNativeTarget "Psychologist" */;
			buildPhases = (
				075F16AE15B0853800D05ECF /* Sources */,
				075F16AF15B0853800D05ECF /* Frameworks */,
				075F16B015B0853800D05ECF /* Resources */,
			);
			buildRules = (
			);
			dependencies = (
			);
			name = Psychologist;
			productName = Psychologist;
			productReference = 075F16B215B0853800D05ECF /* Psychologist.app */;
			productType = "com.apple.product-type.application";
		};
/* End PBXNativeTarget section */

/* Begin PBXProject section */
		075F16A915B0853800D05ECF /* Project object */ = {
			isa = PBXProject;
			attributes = {
				CLASSPREFIX = Psychologist;
				LastUpgradeCheck = 0430;
			};
			buildConfigurationList = 075F16AC15B0853800D05ECF /* Build configuration list for PBXProject "Psychologist" */;
			compatibilityVersion = "Xcode 3.2";
			developmentRegion = English;
			hasScannedForEncodings = 0;
			knownRegions = (
				en,
			);
			mainGroup = 075F16A715B0853800D05ECF;
			productRefGroup = 075F16B315B0853800D05ECF /* Products */;
			projectDirPath = "";
			projectRoot = "";
			targets = (
				075F16B115B0853800D05ECF /* Psychologist */,
			);
		};
/* End PBXProject section */

/* Begin PBXResourcesBuildPhase section */
		075F16B015B0853800D05ECF /* Resources */ = {
			isa = PBXResourcesBuildPhase;
			buildActionMask = 2147483647;
			files = (
				075F16C115B0853800D05ECF /* InfoPlist.strings in Resources */,
				075F16CA15B0853800D05ECF /* MainStoryboard.storyboard in Resources */,
			);
			runOnlyForDeploymentPostprocessing = 0;
		};
/* End PBXResourcesBuildPhase section */

/* Begin PBXSourcesBuildPhase section */
		075F16AE15B0853800D05ECF /* Sources */ = {
			isa = PBXSourcesBuildPhase;
			buildActionMask = 2147483647;
			files = (
				075F16C315B0853800D05ECF /* main.m in Sources */,
				075F16C715B0853800D05ECF /* PsychologistAppDelegate.m in Sources */,
				075F16CD15B0853800D05ECF /* PsychologistViewController.m in Sources */,
			);
			runOnlyForDeploymentPostprocessing = 0;
		};
/* End PBXSourcesBuildPhase section */

/* Begin PBXVariantGroup section */
		075F16BF15B0853800D05ECF /* InfoPlist.strings */ = {
			isa = PBXVariantGroup;
			children = (
				075F16C015B0853800D05ECF /* en */,
			);
			name = InfoPlist.strings;
			sourceTree = "<group>";
		};
		075F16C815B0853800D05ECF /* MainStoryboard.storyboard */ = {
			isa = PBXVariantGroup;
			children = (
				075F16C915B0853800D05ECF /* en */,
			);
			name = MainStoryboard.storyboard;
			sourceTree = "<group>";
		};
/* End PBXVariantGroup section */

/* Begin XCBuildConfiguration section */
		075F16CE15B0853800D05ECF /* Debug */ = {
			isa = XCBuildConfiguration;
			buildSettings = {
				ALWAYS_SEARCH_USER_PATHS = NO;
				ARCHS = "$(ARCHS_STANDARD_32_BIT)";
				CLANG_ENABLE_OBJC_ARC = YES;
				"CODE_SIGN_IDENTITY[sdk=iphoneos*]" = "iPhone Developer";
				COPY_PHASE_STRIP = NO;
				GCC_C_LANGUAGE_STANDARD = gnu99;
				GCC_DYNAMIC_NO_PIC = NO;
				GCC_OPTIMIZATION_LEVEL = 0;
				GCC_PREPROCESSOR_DEFINITIONS = (
					"DEBUG=1",
					"$(inherited)",
				);
				GCC_SYMBOLS_PRIVATE_EXTERN = NO;
				GCC_VERSION = com.apple.compilers.llvm.clang.1_0;
				GCC_WARN_ABOUT_RETURN_TYPE = YES;
				GCC_WARN_UNINITIALIZED_AUTOS = YES;
				GCC_WARN_UNUSED_VARIABLE = YES;
				IPHONEOS_DEPLOYMENT_TARGET = 5.1;
				SDKROOT = iphoneos;
			};
			name = Debug;
		};
		075F16CF15B0853800D05ECF /* Release */ = {
			isa = XCBuildConfiguration;
			buildSettings = {
				ALWAYS_SEARCH_USER_PATHS = NO;
				ARCHS = "$(ARCHS_STANDARD_32_BIT)";
				CLANG_ENABLE_OBJC_ARC = YES;
				"CODE_SIGN_IDENTITY[sdk=iphoneos*]" = "iPhone Developer";
				COPY_PHASE_STRIP = YES;
				GCC_C_LANGUAGE_STANDARD = gnu99;
				GCC_VERSION = com.apple.compilers.llvm.clang.1_0;
				GCC_WARN_ABOUT_RETURN_TYPE = YES;
				GCC_WARN_UNINITIALIZED_AUTOS = YES;
				GCC_WARN_UNUSED_VARIABLE = YES;
				IPHONEOS_DEPLOYMENT_TARGET = 5.1;
				OTHER_CFLAGS = "-DNS_BLOCK_ASSERTIONS=1";
				SDKROOT = iphoneos;
				VALIDATE_PRODUCT = YES;
			};
			name = Release;
		};
		075F16D115B0853800D05ECF /* Debug */ = {
			isa = XCBuildConfiguration;
			buildSettings = {
				GCC_PRECOMPILE_PREFIX_HEADER = YES;
				GCC_PREFIX_HEADER = "Psychologist/Psychologist-Prefix.pch";
				INFOPLIST_FILE = "Psychologist/Psychologist-Info.plist";
				PRODUCT_NAME = "$(TARGET_NAME)";
				WRAPPER_EXTENSION = app;
			};
			name = Debug;
		};
		075F16D215B0853800D05ECF /* Release */ = {
			isa = XCBuildConfiguration;
			buildSettings = {
				GCC_PRECOMPILE_PREFIX_HEADER = YES;
				GCC_PREFIX_HEADER = "Psychologist/Psychologist-Prefix.pch";
				INFOPLIST_FILE = "Psychologist/Psychologist-Info.plist";
				PRODUCT_NAME = "$(TARGET_NAME)";
				WRAPPER_EXTENSION = app;
			};
			name = Release;
		};
/* End XCBuildConfiguration section */

/* Begin XCConfigurationList section */
		075F16AC15B0853800D05ECF /* Build configuration list for PBXProject "Psychologist" */ = {
			isa = XCConfigurationList;
			buildConfigurations = (
				075F16CE15B0853800D05ECF /* Debug */,
				075F16CF15B0853800D05ECF /* Release */,
			);
			defaultConfigurationIsVisible = 0;
			defaultConfigurationName = Release;
		};
		075F16D015B0853800D05ECF /* Build configuration list for PBXNativeTarget "Psychologist" */ = {
			isa = XCConfigurationList;
			buildConfigurations = (
				075F16D115B0853800D05ECF /* Debug */,
				075F16D215B0853800D05ECF /* Release */,
			);
			defaultConfigurationIsVisible = 0;
		};
/* End XCConfigurationList section */
	};
	rootObject = 075F16A915B0853800D05ECF /* Project object */;
}
